
Microsoft Visual Studio Solution File, Format Version 12.00
# Visual Studio Version 17
VisualStudioVersion = 17.9.34701.34
MinimumVisualStudioVersion = 10.0.40219.1
Project("{FAE04EC0-301F-11D3-BF4B-00C04F79EFBC}") = "RetroScore", "RetroScore\RetroScore.csproj", "{F3484660-96B4-4255-A031-32FAEAE456FB}"
EndProject
Global
	GlobalSection(SolutionConfigurationPlatforms) = preSolution
		Debug|Any CPU = Debug|Any CPU
		Release|Any CPU = Release|Any CPU
	EndGlobalSection
	GlobalSection(ProjectConfigurationPlatforms) = postSolution
		{F3484660-96B4-4255-A031-32FAEAE456FB}.Debug|Any CPU.ActiveCfg = Debug|Any CPU
		{F3484660-96B4-4255-A031-32FAEAE456FB}.Debug|Any CPU.Build.0 = Debug|Any CPU
		{F3484660-96B4-4255-A031-32FAEAE456FB}.Release|Any CPU.ActiveCfg = Release|Any CPU
		{F3484660-96B4-4255-A031-32FAEAE456FB}.Release|Any CPU.Build.0 = Release|Any CPU
	EndGlobalSection
	GlobalSection(SolutionProperties) = preSolution
		HideSolutionNode = FALSE
	EndGlobalSection
	GlobalSection(ExtensibilityGlobals) = postSolution
		SolutionGuid = {B960101A-4F3F-41EB-B800-D01B97724219}
	EndGlobalSection
EndGlobal
